
Microsoft Visual Studio Solution File, Format Version 12.00
# Visual Studio Version 17
VisualStudioVersion = 17.10.35013.160
MinimumVisualStudioVersion = 10.0.40219.1
Project("{9A19103F-16F7-4668-BE54-9A1E7A4F7556}") = "SiteAgendamento", "SiteAgendamento.csproj", "{E66FD0F9-B27E-4A22-812F-5480B447DC3A}"
EndProject
Global
	GlobalSection(SolutionConfigurationPlatforms) = preSolution
		Debug|Any CPU = Debug|Any CPU
		Release|Any CPU = Release|Any CPU
	EndGlobalSection
	GlobalSection(ProjectConfigurationPlatforms) = postSolution
		{E66FD0F9-B27E-4A22-812F-5480B447DC3A}.Debug|Any CPU.ActiveCfg = Debug|Any CPU
		{E66FD0F9-B27E-4A22-812F-5480B447DC3A}.Debug|Any CPU.Build.0 = Debug|Any CPU
		{E66FD0F9-B27E-4A22-812F-5480B447DC3A}.Release|Any CPU.ActiveCfg = Release|Any CPU
		{E66FD0F9-B27E-4A22-812F-5480B447DC3A}.Release|Any CPU.Build.0 = Release|Any CPU
	EndGlobalSection
	GlobalSection(SolutionProperties) = preSolution
		HideSolutionNode = FALSE
	EndGlobalSection
	GlobalSection(ExtensibilityGlobals) = postSolution
		SolutionGuid = {BF683BE5-C9ED-4742-8831-515E794889AA}
	EndGlobalSection
EndGlobal
